
Microsoft Visual Studio Solution File, Format Version 12.00
# Visual Studio Version 17
VisualStudioVersion = 17.2.32616.157
MinimumVisualStudioVersion = 10.0.40219.1
Project("{9A19103F-16F7-4668-BE54-9A1E7A4F7556}") = "DAL", "DAL\DAL.csproj", "{C3599C1A-A3A6-4C6E-A018-0C8528A25BBC}"
EndProject
Project("{9A19103F-16F7-4668-BE54-9A1E7A4F7556}") = "DML", "DML\DML.csproj", "{DF426F05-4BAD-4F36-845C-742AAAC1EA0A}"
EndProject
Project("{9A19103F-16F7-4668-BE54-9A1E7A4F7556}") = "_1_Authentication_Authorization", "_1_Authentication_Authorization\_1_Authentication_Authorization.csproj", "{B8EFE3CD-4CB4-44F2-9EEC-39F571797519}"
EndProject
Global
	GlobalSection(SolutionConfigurationPlatforms) = preSolution
		Debug|Any CPU = Debug|Any CPU
		Release|Any CPU = Release|Any CPU
	EndGlobalSection
	GlobalSection(ProjectConfigurationPlatforms) = postSolution
		{C3599C1A-A3A6-4C6E-A018-0C8528A25BBC}.Debug|Any CPU.ActiveCfg = Debug|Any CPU
		{C3599C1A-A3A6-4C6E-A018-0C8528A25BBC}.Debug|Any CPU.Build.0 = Debug|Any CPU
		{C3599C1A-A3A6-4C6E-A018-0C8528A25BBC}.Release|Any CPU.ActiveCfg = Release|Any CPU
		{C3599C1A-A3A6-4C6E-A018-0C8528A25BBC}.Release|Any CPU.Build.0 = Release|Any CPU
		{DF426F05-4BAD-4F36-845C-742AAAC1EA0A}.Debug|Any CPU.ActiveCfg = Debug|Any CPU
		{DF426F05-4BAD-4F36-845C-742AAAC1EA0A}.Debug|Any CPU.Build.0 = Debug|Any CPU
		{DF426F05-4BAD-4F36-845C-742AAAC1EA0A}.Release|Any CPU.ActiveCfg = Release|Any CPU
		{DF426F05-4BAD-4F36-845C-742AAAC1EA0A}.Release|Any CPU.Build.0 = Release|Any CPU
		{B8EFE3CD-4CB4-44F2-9EEC-39F571797519}.Debug|Any CPU.ActiveCfg = Debug|Any CPU
		{B8EFE3CD-4CB4-44F2-9EEC-39F571797519}.Debug|Any CPU.Build.0 = Debug|Any CPU
		{B8EFE3CD-4CB4-44F2-9EEC-39F571797519}.Release|Any CPU.ActiveCfg = Release|Any CPU
		{B8EFE3CD-4CB4-44F2-9EEC-39F571797519}.Release|Any CPU.Build.0 = Release|Any CPU
	EndGlobalSection
	GlobalSection(SolutionProperties) = preSolution
		HideSolutionNode = FALSE
	EndGlobalSection
	GlobalSection(ExtensibilityGlobals) = postSolution
		SolutionGuid = {CDC5F03C-F05B-477C-AA3F-6E091C63696C}
	EndGlobalSection
EndGlobal
